
Microsoft Visual Studio Solution File, Format Version 12.00
# Visual Studio Version 17
VisualStudioVersion = 17.5.002.0
MinimumVisualStudioVersion = 10.0.40219.1
Project("{9A19103F-16F7-4668-BE54-9A1E7A4F7556}") = "TrilhaApiDesafio", "TrilhaApiDesafio.csproj", "{48164C5C-4943-40FF-BB17-DF44E349D14A}"
EndProject
Global
	GlobalSection(SolutionConfigurationPlatforms) = preSolution
		Debug|Any CPU = Debug|Any CPU
		Release|Any CPU = Release|Any CPU
	EndGlobalSection
	GlobalSection(ProjectConfigurationPlatforms) = postSolution
		{48164C5C-4943-40FF-BB17-DF44E349D14A}.Debug|Any CPU.ActiveCfg = Debug|Any CPU
		{48164C5C-4943-40FF-BB17-DF44E349D14A}.Debug|Any CPU.Build.0 = Debug|Any CPU
		{48164C5C-4943-40FF-BB17-DF44E349D14A}.Release|Any CPU.ActiveCfg = Release|Any CPU
		{48164C5C-4943-40FF-BB17-DF44E349D14A}.Release|Any CPU.Build.0 = Release|Any CPU
	EndGlobalSection
	GlobalSection(SolutionProperties) = preSolution
		HideSolutionNode = FALSE
	EndGlobalSection
	GlobalSection(ExtensibilityGlobals) = postSolution
		SolutionGuid = {6987592F-A1CC-4A59-9B42-1C7FA48F6FA0}
	EndGlobalSection
EndGlobal
